PODS:
  - AppCenter (3.2.0):
    - AppCenter/Analytics (= 3.2.0)
    - AppCenter/Crashes (= 3.2.0)
  - AppCenter/Analytics (3.2.0):
    - AppCenter/Core
  - AppCenter/Core (3.2.0)
  - AppCenter/Crashes (3.2.0):
    - AppCenter/Core
  - AtmosplayAds (3.2.1)
  - Masonry (1.1.0)

DEPENDENCIES:
  - AppCenter
  - AtmosplayAds
  - Masonry

SPEC REPOS:
  https://github.com/CocoaPods/Specs.git:
    - AppCenter
    - AtmosplayAds
    - Masonry

SPEC CHECKSUMS:
  AppCenter: ca66175050d538b157959382dd43f1ab96cdab84
  AtmosplayAds: 687844b247ebd35bbe87375bb2a7e5c205dbbdd4
  Masonry: 678fab65091a9290e40e2832a55e7ab731aad201

PODFILE CHECKSUM: 70f247736ba73488776927d6e4ec3484670066b2

COCOAPODS: 1.8.4
