PODS:
  - AppCenter (3.1.0):
    - AppCenter/Analytics (= 3.1.0)
    - AppCenter/Crashes (= 3.1.0)
  - AppCenter/Analytics (3.1.0):
    - AppCenter/Core
  - AppCenter/Core (3.1.0)
  - AppCenter/Crashes (3.1.0):
    - AppCenter/Core
  - AtmosplayAds (3.0.1)
  - Masonry (1.1.0)

DEPENDENCIES:
  - AppCenter
  - AtmosplayAds
  - Masonry

SPEC REPOS:
  trunk:
    - AppCenter
    - AtmosplayAds
    - Masonry

SPEC CHECKSUMS:
  AppCenter: a1c30c47b7882a04a615ffa5ab26c007326436d8
  AtmosplayAds: 53c615a931c2b5d7df046adbb137172b88dcbc37
  Masonry: 678fab65091a9290e40e2832a55e7ab731aad201

PODFILE CHECKSUM: ae65142c8670cb1db26a226c4032290161cb7cad

COCOAPODS: 1.8.4
